// !$*UTF8*$!
{
	archiveVersion = 1;
	classes = {
	};
	objectVersion = 46;
	objects = {

/* Begin PBXBuildFile section */
		070521EE1FE1D2730031443B /* KSOFontAwesomeExtensions.framework in Frameworks */ = {isa = PBXBuildFile; fileRef = 070521ED1FE1D2730031443B /* KSOFontAwesomeExtensions.framework */; };
		070521EF1FE1D2730031443B /* KSOFontAwesomeExtensions.framework in Embed Frameworks */ = {isa = PBXBuildFile; fileRef = 070521ED1FE1D2730031443B /* KSOFontAwesomeExtensions.framework */; settings = {ATTRIBUTES = (CodeSignOnCopy, RemoveHeadersOnCopy, ); }; };
		079CA98F1F48D254009E4690 /* KSOAnimation.h in Headers */ = {isa = PBXBuildFile; fileRef = 079CA98D1F48D254009E4690 /* KSOAnimation.h */; settings = {ATTRIBUTES = (Public, ); }; };
		079CA99C1F48D3FB009E4690 /* KSODimmingOverlayPresentationController.h in Headers */ = {isa = PBXBuildFile; fileRef = 079CA9981F48D3FB009E4690 /* KSODimmingOverlayPresentationController.h */; settings = {ATTRIBUTES = (Public, ); }; };
		079CA99D1F48D3FB009E4690 /* KSODimmingOverlayPresentationController.m in Sources */ = {isa = PBXBuildFile; fileRef = 079CA9991F48D3FB009E4690 /* KSODimmingOverlayPresentationController.m */; };
		079CA99E1F48D3FB009E4690 /* KSOSlidingAnimationController.h in Headers */ = {isa = PBXBuildFile; fileRef = 079CA99A1F48D3FB009E4690 /* KSOSlidingAnimationController.h */; settings = {ATTRIBUTES = (Public, ); }; };
		079CA99F1F48D3FB009E4690 /* KSOSlidingAnimationController.m in Sources */ = {isa = PBXBuildFile; fileRef = 079CA99B1F48D3FB009E4690 /* KSOSlidingAnimationController.m */; };
		07AA77002176DC9F00AAB3D8 /* KSOVerticalSwipeInteractionController.h in Headers */ = {isa = PBXBuildFile; fileRef = 07AA76FE2176DC9F00AAB3D8 /* KSOVerticalSwipeInteractionController.h */; settings = {ATTRIBUTES = (Public, ); }; };
		07AA77012176DC9F00AAB3D8 /* KSOVerticalSwipeInteractionController.m in Sources */ = {isa = PBXBuildFile; fileRef = 07AA76FF2176DC9F00AAB3D8 /* KSOVerticalSwipeInteractionController.m */; };
		07AA77042176E00500AAB3D8 /* KSOPinchInteractionController.h in Headers */ = {isa = PBXBuildFile; fileRef = 07AA77022176E00500AAB3D8 /* KSOPinchInteractionController.h */; settings = {ATTRIBUTES = (Public, ); }; };
		07AA77052176E00500AAB3D8 /* KSOPinchInteractionController.m in Sources */ = {isa = PBXBuildFile; fileRef = 07AA77032176E00500AAB3D8 /* KSOPinchInteractionController.m */; };
		07AA77082176ED6400AAB3D8 /* KSOZoomAnimationController.h in Headers */ = {isa = PBXBuildFile; fileRef = 07AA77062176ED6400AAB3D8 /* KSOZoomAnimationController.h */; settings = {ATTRIBUTES = (Public, ); }; };
		07AA77092176ED6400AAB3D8 /* KSOZoomAnimationController.m in Sources */ = {isa = PBXBuildFile; fileRef = 07AA77072176ED6400AAB3D8 /* KSOZoomAnimationController.m */; };
		07AA770C2176EE2900AAB3D8 /* ZoomViewController.m in Sources */ = {isa = PBXBuildFile; fileRef = 07AA770B2176EE2900AAB3D8 /* ZoomViewController.m */; };
		07AA771221771B1700AAB3D8 /* PushViewController.m in Sources */ = {isa = PBXBuildFile; fileRef = 07AA771121771B1700AAB3D8 /* PushViewController.m */; };
		07AA771321771C0100AAB3D8 /* KSOPushAnimationController.m in Sources */ = {isa = PBXBuildFile; fileRef = 07AA770E2177177D00AAB3D8 /* KSOPushAnimationController.m */; };
		07AA771421771C0400AAB3D8 /* KSOPushAnimationController.h in Headers */ = {isa = PBXBuildFile; fileRef = 07AA770D2177177D00AAB3D8 /* KSOPushAnimationController.h */; settings = {ATTRIBUTES = (Public, ); }; };
		07AA77162177281800AAB3D8 /* KSOAnimationDefines.h in Headers */ = {isa = PBXBuildFile; fileRef = 07AA77152177281800AAB3D8 /* KSOAnimationDefines.h */; settings = {ATTRIBUTES = (Public, ); }; };
		07B1468F2176C57D00EE41C8 /* KSOHorizontalSwipeInteractionController.h in Headers */ = {isa = PBXBuildFile; fileRef = 07B1468D2176C57D00EE41C8 /* KSOHorizontalSwipeInteractionController.h */; settings = {ATTRIBUTES = (Public, ); }; };
		07B146902176C57D00EE41C8 /* KSOHorizontalSwipeInteractionController.m in Sources */ = {isa = PBXBuildFile; fileRef = 07B1468E2176C57D00EE41C8 /* KSOHorizontalSwipeInteractionController.m */; };
		07B503B61F8E9E3400EEDA0F /* NSBundle+KSOAnimationPrivateExtensions.h in Headers */ = {isa = PBXBuildFile; fileRef = 07B503B41F8E9E3400EEDA0F /* NSBundle+KSOAnimationPrivateExtensions.h */; settings = {ATTRIBUTES = (Private, ); }; };
		07B503B71F8E9E3400EEDA0F /* NSBundle+KSOAnimationPrivateExtensions.m in Sources */ = {isa = PBXBuildFile; fileRef = 07B503B51F8E9E3400EEDA0F /* NSBundle+KSOAnimationPrivateExtensions.m */; };
		07B503BB1F8EA07500EEDA0F /* Localizable.strings in Resources */ = {isa = PBXBuildFile; fileRef = 07B503B91F8EA07500EEDA0F /* Localizable.strings */; };
		07C3E5A41F48D6F700BA0E85 /* Stanley.framework in Frameworks */ = {isa = PBXBuildFile; fileRef = 07C3E5A31F48D6F700BA0E85 /* Stanley.framework */; };
		07CEA8E12176CEDA00945962 /* UIViewController+KSOAnimationExtensions.h in Headers */ = {isa = PBXBuildFile; fileRef = 07CEA8DF2176CEDA00945962 /* UIViewController+KSOAnimationExtensions.h */; settings = {ATTRIBUTES = (Public, ); }; };
		07CEA8E22176CEDA00945962 /* UIViewController+KSOAnimationExtensions.m in Sources */ = {isa = PBXBuildFile; fileRef = 07CEA8E02176CEDA00945962 /* UIViewController+KSOAnimationExtensions.m */; };
		07CEA8E52176CF5600945962 /* KSOAnimationInteractionController.h in Headers */ = {isa = PBXBuildFile; fileRef = 07CEA8E32176CF5600945962 /* KSOAnimationInteractionController.h */; settings = {ATTRIBUTES = (Public, ); }; };
		07CEA8E62176CF5600945962 /* KSOAnimationInteractionController.m in Sources */ = {isa = PBXBuildFile; fileRef = 07CEA8E42176CF5600945962 /* KSOAnimationInteractionController.m */; };
		07CEA8E92176D12200945962 /* KSOAnimationInteractionController+KSOAnimationSubclassExtensions.h in Headers */ = {isa = PBXBuildFile; fileRef = 07CEA8E72176D12200945962 /* KSOAnimationInteractionController+KSOAnimationSubclassExtensions.h */; settings = {ATTRIBUTES = (Private, ); }; };
		07D989171F48DA2500C2FA12 /* main.m in Sources */ = {isa = PBXBuildFile; fileRef = 07D989161F48DA2500C2FA12 /* main.m */; };
		07D9891A1F48DA2500C2FA12 /* AppDelegate.m in Sources */ = {isa = PBXBuildFile; fileRef = 07D989191F48DA2500C2FA12 /* AppDelegate.m */; };
		07D9891D1F48DA2500C2FA12 /* ViewController.m in Sources */ = {isa = PBXBuildFile; fileRef = 07D9891C1F48DA2500C2FA12 /* ViewController.m */; };
		07D989221F48DA2500C2FA12 /* Assets.xcassets in Resources */ = {isa = PBXBuildFile; fileRef = 07D989211F48DA2500C2FA12 /* Assets.xcassets */; };
		07D989251F48DA2500C2FA12 /* LaunchScreen.storyboard in Resources */ = {isa = PBXBuildFile; fileRef = 07D989231F48DA2500C2FA12 /* LaunchScreen.storyboard */; };
		07D9892B1F48DA6300C2FA12 /* Stanley.framework in Frameworks */ = {isa = PBXBuildFile; fileRef = 07D9892A1F48DA6300C2FA12 /* Stanley.framework */; };
		07D9892C1F48DA6300C2FA12 /* Stanley.framework in Embed Frameworks */ = {isa = PBXBuildFile; fileRef = 07D9892A1F48DA6300C2FA12 /* Stanley.framework */; settings = {ATTRIBUTES = (CodeSignOnCopy, RemoveHeadersOnCopy, ); }; };
		07D9892E1F48DA6600C2FA12 /* KSOAnimation.framework in Frameworks */ = {isa = PBXBuildFile; fileRef = 079CA98A1F48D254009E4690 /* KSOAnimation.framework */; };
		07D9892F1F48DA6600C2FA12 /* KSOAnimation.framework in Embed Frameworks */ = {isa = PBXBuildFile; fileRef = 079CA98A1F48D254009E4690 /* KSOAnimation.framework */; settings = {ATTRIBUTES = (CodeSignOnCopy, RemoveHeadersOnCopy, ); }; };
		07D989341F48DCE000C2FA12 /* SlidingOverlayViewController.m in Sources */ = {isa = PBXBuildFile; fileRef = 07D989331F48DCE000C2FA12 /* SlidingOverlayViewController.m */; };
		07D989381F48E06500C2FA12 /* SlidingOverlayViewController.xib in Resources */ = {isa = PBXBuildFile; fileRef = 07D989361F48E06500C2FA12 /* SlidingOverlayViewController.xib */; };
		07D9893A1F48E15400C2FA12 /* Ditko.framework in Frameworks */ = {isa = PBXBuildFile; fileRef = 07D989391F48E15400C2FA12 /* Ditko.framework */; };
		07D9893B1F48E15400C2FA12 /* Ditko.framework in Embed Frameworks */ = {isa = PBXBuildFile; fileRef = 07D989391F48E15400C2FA12 /* Ditko.framework */; settings = {ATTRIBUTES = (CodeSignOnCopy, RemoveHeadersOnCopy, ); }; };
		07D9893D1F48E31000C2FA12 /* Loki.framework in Frameworks */ = {isa = PBXBuildFile; fileRef = 07D9893C1F48E31000C2FA12 /* Loki.framework */; };
		07D9893E1F48E31000C2FA12 /* Loki.framework in Embed Frameworks */ = {isa = PBXBuildFile; fileRef = 07D9893C1F48E31000C2FA12 /* Loki.framework */; settings = {ATTRIBUTES = (CodeSignOnCopy, RemoveHeadersOnCopy, ); }; };
/* End PBXBuildFile section */

/* Begin PBXContainerItemProxy section */
		07D989301F48DA6600C2FA12 /* PBXContainerItemProxy */ = {
			isa = PBXContainerItemProxy;
			containerPortal = 079CA9811F48D254009E4690 /* Project object */;
			proxyType = 1;
			remoteGlobalIDString = 079CA9891F48D254009E4690;
			remoteInfo = "KSOAnimation-iOS";
		};
/* End PBXContainerItemProxy section */

/* Begin PBXCopyFilesBuildPhase section */
		07D9892D1F48DA6300C2FA12 /* Embed Frameworks */ = {
			isa = PBXCopyFilesBuildPhase;
			buildActionMask = 2147483647;
			dstPath = "";
			dstSubfolderSpec = 10;
			files = (
				07D9892C1F48DA6300C2FA12 /* Stanley.framework in Embed Frameworks */,
				07D9893E1F48E31000C2FA12 /* Loki.framework in Embed Frameworks */,
				07D9892F1F48DA6600C2FA12 /* KSOAnimation.framework in Embed Frameworks */,
				070521EF1FE1D2730031443B /* KSOFontAwesomeExtensions.framework in Embed Frameworks */,
				07D9893B1F48E15400C2FA12 /* Ditko.framework in Embed Frameworks */,
			);
			name = "Embed Frameworks";
			runOnlyForDeploymentPostprocessing = 0;
		};
/* End PBXCopyFilesBuildPhase section */

/* Begin PBXFileReference section */
		070521ED1FE1D2730031443B /* KSOFontAwesomeExtensions.framework */ = {isa = PBXFileReference; explicitFileType = wrapper.framework; path = KSOFontAwesomeExtensions.framework; sourceTree = BUILT_PRODUCTS_DIR; };
		079CA98A1F48D254009E4690 /* KSOAnimation.framework */ = {isa = PBXFileReference; explicitFileType = wrapper.framework; includeInIndex = 0; path = KSOAnimation.framework; sourceTree = BUILT_PRODUCTS_DIR; };
		079CA98D1F48D254009E4690 /* KSOAnimation.h */ = {isa = PBXFileReference; lastKnownFileType = sourcecode.c.h; path = KSOAnimation.h; sourceTree = "<group>"; };
		079CA98E1F48D254009E4690 /* KSOAnimation-iOS-Info.plist */ = {isa = PBXFileReference; lastKnownFileType = text.plist.xml; path = "KSOAnimation-iOS-Info.plist"; sourceTree = "<group>"; };
		079CA9951F48D2F6009E4690 /* KSOAnimation-Info.h */ = {isa = PBXFileReference; lastKnownFileType = sourcecode.c.h; path = "KSOAnimation-Info.h"; sourceTree = "<group>"; };
		079CA9981F48D3FB009E4690 /* KSODimmingOverlayPresentationController.h */ = {isa = PBXFileReference; fileEncoding = 4; lastKnownFileType = sourcecode.c.h; path = KSODimmingOverlayPresentationController.h; sourceTree = "<group>"; };
		079CA9991F48D3FB009E4690 /* KSODimmingOverlayPresentationController.m */ = {isa = PBXFileReference; fileEncoding = 4; lastKnownFileType = sourcecode.c.objc; path = KSODimmingOverlayPresentationController.m; sourceTree = "<group>"; };
		079CA99A1F48D3FB009E4690 /* KSOSlidingAnimationController.h */ = {isa = PBXFileReference; fileEncoding = 4; lastKnownFileType = sourcecode.c.h; path = KSOSlidingAnimationController.h; sourceTree = "<group>"; };
		079CA99B1F48D3FB009E4690 /* KSOSlidingAnimationController.m */ = {isa = PBXFileReference; fileEncoding = 4; lastKnownFileType = sourcecode.c.objc; path = KSOSlidingAnimationController.m; sourceTree = "<group>"; };
		07AA76FE2176DC9F00AAB3D8 /* KSOVerticalSwipeInteractionController.h */ = {isa = PBXFileReference; lastKnownFileType = sourcecode.c.h; path = KSOVerticalSwipeInteractionController.h; sourceTree = "<group>"; };
		07AA76FF2176DC9F00AAB3D8 /* KSOVerticalSwipeInteractionController.m */ = {isa = PBXFileReference; lastKnownFileType = sourcecode.c.objc; path = KSOVerticalSwipeInteractionController.m; sourceTree = "<group>"; };
		07AA77022176E00500AAB3D8 /* KSOPinchInteractionController.h */ = {isa = PBXFileReference; lastKnownFileType = sourcecode.c.h; path = KSOPinchInteractionController.h; sourceTree = "<group>"; };
		07AA77032176E00500AAB3D8 /* KSOPinchInteractionController.m */ = {isa = PBXFileReference; lastKnownFileType = sourcecode.c.objc; path = KSOPinchInteractionController.m; sourceTree = "<group>"; };
		07AA77062176ED6400AAB3D8 /* KSOZoomAnimationController.h */ = {isa = PBXFileReference; lastKnownFileType = sourcecode.c.h; path = KSOZoomAnimationController.h; sourceTree = "<group>"; };
		07AA77072176ED6400AAB3D8 /* KSOZoomAnimationController.m */ = {isa = PBXFileReference; lastKnownFileType = sourcecode.c.objc; path = KSOZoomAnimationController.m; sourceTree = "<group>"; };
		07AA770A2176EE2900AAB3D8 /* ZoomViewController.h */ = {isa = PBXFileReference; lastKnownFileType = sourcecode.c.h; path = ZoomViewController.h; sourceTree = "<group>"; };
		07AA770B2176EE2900AAB3D8 /* ZoomViewController.m */ = {isa = PBXFileReference; lastKnownFileType = sourcecode.c.objc; path = ZoomViewController.m; sourceTree = "<group>"; };
		07AA770D2177177D00AAB3D8 /* KSOPushAnimationController.h */ = {isa = PBXFileReference; lastKnownFileType = sourcecode.c.h; path = KSOPushAnimationController.h; sourceTree = "<group>"; };
		07AA770E2177177D00AAB3D8 /* KSOPushAnimationController.m */ = {isa = PBXFileReference; lastKnownFileType = sourcecode.c.objc; path = KSOPushAnimationController.m; sourceTree = "<group>"; };
		07AA771021771B1700AAB3D8 /* PushViewController.h */ = {isa = PBXFileReference; lastKnownFileType = sourcecode.c.h; path = PushViewController.h; sourceTree = "<group>"; };
		07AA771121771B1700AAB3D8 /* PushViewController.m */ = {isa = PBXFileReference; lastKnownFileType = sourcecode.c.objc; path = PushViewController.m; sourceTree = "<group>"; };
		07AA77152177281800AAB3D8 /* KSOAnimationDefines.h */ = {isa = PBXFileReference; lastKnownFileType = sourcecode.c.h; path = KSOAnimationDefines.h; sourceTree = "<group>"; };
		07B1468D2176C57D00EE41C8 /* KSOHorizontalSwipeInteractionController.h */ = {isa = PBXFileReference; lastKnownFileType = sourcecode.c.h; path = KSOHorizontalSwipeInteractionController.h; sourceTree = "<group>"; };
		07B1468E2176C57D00EE41C8 /* KSOHorizontalSwipeInteractionController.m */ = {isa = PBXFileReference; lastKnownFileType = sourcecode.c.objc; path = KSOHorizontalSwipeInteractionController.m; sourceTree = "<group>"; };
		07B503B41F8E9E3400EEDA0F /* NSBundle+KSOAnimationPrivateExtensions.h */ = {isa = PBXFileReference; lastKnownFileType = sourcecode.c.h; path = "NSBundle+KSOAnimationPrivateExtensions.h"; sourceTree = "<group>"; };
		07B503B51F8E9E3400EEDA0F /* NSBundle+KSOAnimationPrivateExtensions.m */ = {isa = PBXFileReference; lastKnownFileType = sourcecode.c.objc; path = "NSBundle+KSOAnimationPrivateExtensions.m"; sourceTree = "<group>"; };
		07B503BA1F8EA07500EEDA0F /* en */ = {isa = PBXFileReference; lastKnownFileType = text.plist.strings; name = en; path = en.lproj/Localizable.strings; sourceTree = "<group>"; };
		07B503BC1F8EA08100EEDA0F /* ja */ = {isa = PBXFileReference; lastKnownFileType = text.plist.strings; name = ja; path = ja.lproj/Localizable.strings; sourceTree = "<group>"; };
		07C3E5A31F48D6F700BA0E85 /* Stanley.framework */ = {isa = PBXFileReference; lastKnownFileType = wrapper.framework; name = Stanley.framework; path = "Vendor/Stanley/build/Debug-iphoneos/Stanley.framework"; sourceTree = "<group>"; };
		07CE61FA1FE5D6F400393202 /* fa */ = {isa = PBXFileReference; lastKnownFileType = text.plist.strings; name = fa; path = fa.lproj/Localizable.strings; sourceTree = "<group>"; };
		07CEA8DF2176CEDA00945962 /* UIViewController+KSOAnimationExtensions.h */ = {isa = PBXFileReference; lastKnownFileType = sourcecode.c.h; path = "UIViewController+KSOAnimationExtensions.h"; sourceTree = "<group>"; };
		07CEA8E02176CEDA00945962 /* UIViewController+KSOAnimationExtensions.m */ = {isa = PBXFileReference; lastKnownFileType = sourcecode.c.objc; path = "UIViewController+KSOAnimationExtensions.m"; sourceTree = "<group>"; };
		07CEA8E32176CF5600945962 /* KSOAnimationInteractionController.h */ = {isa = PBXFileReference; lastKnownFileType = sourcecode.c.h; path = KSOAnimationInteractionController.h; sourceTree = "<group>"; };
		07CEA8E42176CF5600945962 /* KSOAnimationInteractionController.m */ = {isa = PBXFileReference; lastKnownFileType = sourcecode.c.objc; path = KSOAnimationInteractionController.m; sourceTree = "<group>"; };
		07CEA8E72176D12200945962 /* KSOAnimationInteractionController+KSOAnimationSubclassExtensions.h */ = {isa = PBXFileReference; lastKnownFileType = sourcecode.c.h; path = "KSOAnimationInteractionController+KSOAnimationSubclassExtensions.h"; sourceTree = "<group>"; };
		07D989131F48DA2500C2FA12 /* Demo-iOS.app */ = {isa = PBXFileReference; explicitFileType = wrapper.application; includeInIndex = 0; path = "Demo-iOS.app"; sourceTree = BUILT_PRODUCTS_DIR; };
		07D989161F48DA2500C2FA12 /* main.m */ = {isa = PBXFileReference; lastKnownFileType = sourcecode.c.objc; path = main.m; sourceTree = "<group>"; };
		07D989181F48DA2500C2FA12 /* AppDelegate.h */ = {isa = PBXFileReference; lastKnownFileType = sourcecode.c.h; path = AppDelegate.h; sourceTree = "<group>"; };
		07D989191F48DA2500C2FA12 /* AppDelegate.m */ = {isa = PBXFileReference; lastKnownFileType = sourcecode.c.objc; path = AppDelegate.m; sourceTree = "<group>"; };
		07D9891B1F48DA2500C2FA12 /* ViewController.h */ = {isa = PBXFileReference; lastKnownFileType = sourcecode.c.h; path = ViewController.h; sourceTree = "<group>"; };
		07D9891C1F48DA2500C2FA12 /* ViewController.m */ = {isa = PBXFileReference; lastKnownFileType = sourcecode.c.objc; path = ViewController.m; sourceTree = "<group>"; };
		07D989211F48DA2500C2FA12 /* Assets.xcassets */ = {isa = PBXFileReference; lastKnownFileType = folder.assetcatalog; path = Assets.xcassets; sourceTree = "<group>"; };
		07D989241F48DA2500C2FA12 /* Base */ = {isa = PBXFileReference; lastKnownFileType = file.storyboard; name = Base; path = Base.lproj/LaunchScreen.storyboard; sourceTree = "<group>"; };
		07D989261F48DA2500C2FA12 /* Info.plist */ = {isa = PBXFileReference; lastKnownFileType = text.plist.xml; path = Info.plist; sourceTree = "<group>"; };
		07D9892A1F48DA6300C2FA12 /* Stanley.framework */ = {isa = PBXFileReference; explicitFileType = wrapper.framework; path = Stanley.framework; sourceTree = BUILT_PRODUCTS_DIR; };
		07D989321F48DCE000C2FA12 /* SlidingOverlayViewController.h */ = {isa = PBXFileReference; fileEncoding = 4; lastKnownFileType = sourcecode.c.h; path = SlidingOverlayViewController.h; sourceTree = "<group>"; };
		07D989331F48DCE000C2FA12 /* SlidingOverlayViewController.m */ = {isa = PBXFileReference; fileEncoding = 4; lastKnownFileType = sourcecode.c.objc; path = SlidingOverlayViewController.m; sourceTree = "<group>"; };
		07D989351F48DE0700C2FA12 /* DetailViewController.h */ = {isa = PBXFileReference; fileEncoding = 4; lastKnownFileType = sourcecode.c.h; path = DetailViewController.h; sourceTree = "<group>"; };
		07D989371F48E06500C2FA12 /* Base */ = {isa = PBXFileReference; lastKnownFileType = file.xib; name = Base; path = Base.lproj/SlidingOverlayViewController.xib; sourceTree = "<group>"; };
		07D989391F48E15400C2FA12 /* Ditko.framework */ = {isa = PBXFileReference; explicitFileType = wrapper.framework; path = Ditko.framework; sourceTree = BUILT_PRODUCTS_DIR; };
		07D9893C1F48E31000C2FA12 /* Loki.framework */ = {isa = PBXFileReference; explicitFileType = wrapper.framework; path = Loki.framework; sourceTree = BUILT_PRODUCTS_DIR; };
/* End PBXFileReference section */

/* Begin PBXFrameworksBuildPhase section */
		079CA9861F48D254009E4690 /* Frameworks */ = {
			isa = PBXFrameworksBuildPhase;
			buildActionMask = 2147483647;
			files = (
				07C3E5A41F48D6F700BA0E85 /* Stanley.framework in Frameworks */,
			);
			runOnlyForDeploymentPostprocessing = 0;
		};
		07D989101F48DA2500C2FA12 /* Frameworks */ = {
			isa = PBXFrameworksBuildPhase;
			buildActionMask = 2147483647;
			files = (
				07D9892B1F48DA6300C2FA12 /* Stanley.framework in Frameworks */,
				07D9893D1F48E31000C2FA12 /* Loki.framework in Frameworks */,
				07D9892E1F48DA6600C2FA12 /* KSOAnimation.framework in Frameworks */,
				070521EE1FE1D2730031443B /* KSOFontAwesomeExtensions.framework in Frameworks */,
				07D9893A1F48E15400C2FA12 /* Ditko.framework in Frameworks */,
			);
			runOnlyForDeploymentPostprocessing = 0;
		};
/* End PBXFrameworksBuildPhase section */

/* Begin PBXGroup section */
		079CA9801F48D254009E4690 = {
			isa = PBXGroup;
			children = (
				079CA98C1F48D254009E4690 /* KSOAnimation */,
				07D989141F48DA2500C2FA12 /* Demo-iOS */,
				079CA98B1F48D254009E4690 /* Products */,
				07C3E5A21F48D6F700BA0E85 /* Frameworks */,
			);
			sourceTree = "<group>";
		};
		079CA98B1F48D254009E4690 /* Products */ = {
			isa = PBXGroup;
			children = (
				079CA98A1F48D254009E4690 /* KSOAnimation.framework */,
				07D989131F48DA2500C2FA12 /* Demo-iOS.app */,
			);
			name = Products;
			sourceTree = "<group>";
		};
		079CA98C1F48D254009E4690 /* KSOAnimation */ = {
			isa = PBXGroup;
			children = (
				079CA98D1F48D254009E4690 /* KSOAnimation.h */,
				079CA9971F48D38A009E4690 /* Source */,
				079CA9961F48D37D009E4690 /* Supporting Files */,
			);
			path = KSOAnimation;
			sourceTree = "<group>";
		};
		079CA9961F48D37D009E4690 /* Supporting Files */ = {
			isa = PBXGroup;
			children = (
				079CA98E1F48D254009E4690 /* KSOAnimation-iOS-Info.plist */,
				079CA9951F48D2F6009E4690 /* KSOAnimation-Info.h */,
				07B503B91F8EA07500EEDA0F /* Localizable.strings */,
			);
			name = "Supporting Files";
			sourceTree = "<group>";
		};
		079CA9971F48D38A009E4690 /* Source */ = {
			isa = PBXGroup;
			children = (
				07AA77152177281800AAB3D8 /* KSOAnimationDefines.h */,
				079CA9981F48D3FB009E4690 /* KSODimmingOverlayPresentationController.h */,
				079CA9991F48D3FB009E4690 /* KSODimmingOverlayPresentationController.m */,
				07AA770D2177177D00AAB3D8 /* KSOPushAnimationController.h */,
				07AA770E2177177D00AAB3D8 /* KSOPushAnimationController.m */,
				079CA99A1F48D3FB009E4690 /* KSOSlidingAnimationController.h */,
				079CA99B1F48D3FB009E4690 /* KSOSlidingAnimationController.m */,
				07AA77062176ED6400AAB3D8 /* KSOZoomAnimationController.h */,
				07AA77072176ED6400AAB3D8 /* KSOZoomAnimationController.m */,
				07CEA8E32176CF5600945962 /* KSOAnimationInteractionController.h */,
				07CEA8E42176CF5600945962 /* KSOAnimationInteractionController.m */,
				07B1468D2176C57D00EE41C8 /* KSOHorizontalSwipeInteractionController.h */,
				07B1468E2176C57D00EE41C8 /* KSOHorizontalSwipeInteractionController.m */,
				07AA76FE2176DC9F00AAB3D8 /* KSOVerticalSwipeInteractionController.h */,
				07AA76FF2176DC9F00AAB3D8 /* KSOVerticalSwipeInteractionController.m */,
				07AA77022176E00500AAB3D8 /* KSOPinchInteractionController.h */,
				07AA77032176E00500AAB3D8 /* KSOPinchInteractionController.m */,
				07CEA8DF2176CEDA00945962 /* UIViewController+KSOAnimationExtensions.h */,
				07CEA8E02176CEDA00945962 /* UIViewController+KSOAnimationExtensions.m */,
				07B1468C2176C53800EE41C8 /* Private */,
			);
			name = Source;
			sourceTree = "<group>";
		};
		07B1468C2176C53800EE41C8 /* Private */ = {
			isa = PBXGroup;
			children = (
				07CEA8E72176D12200945962 /* KSOAnimationInteractionController+KSOAnimationSubclassExtensions.h */,
				07B503B41F8E9E3400EEDA0F /* NSBundle+KSOAnimationPrivateExtensions.h */,
				07B503B51F8E9E3400EEDA0F /* NSBundle+KSOAnimationPrivateExtensions.m */,
			);
			path = Private;
			sourceTree = "<group>";
		};
		07C3E5A21F48D6F700BA0E85 /* Frameworks */ = {
			isa = PBXGroup;
			children = (
				070521ED1FE1D2730031443B /* KSOFontAwesomeExtensions.framework */,
				07D9893C1F48E31000C2FA12 /* Loki.framework */,
				07D989391F48E15400C2FA12 /* Ditko.framework */,
				07D9892A1F48DA6300C2FA12 /* Stanley.framework */,
				07C3E5A31F48D6F700BA0E85 /* Stanley.framework */,
			);
			name = Frameworks;
			sourceTree = "<group>";
		};
		07D989141F48DA2500C2FA12 /* Demo-iOS */ = {
			isa = PBXGroup;
			children = (
				07D989181F48DA2500C2FA12 /* AppDelegate.h */,
				07D989191F48DA2500C2FA12 /* AppDelegate.m */,
				07D9891B1F48DA2500C2FA12 /* ViewController.h */,
				07D9891C1F48DA2500C2FA12 /* ViewController.m */,
				07D989351F48DE0700C2FA12 /* DetailViewController.h */,
				07AA771021771B1700AAB3D8 /* PushViewController.h */,
				07AA771121771B1700AAB3D8 /* PushViewController.m */,
				07AA770A2176EE2900AAB3D8 /* ZoomViewController.h */,
				07AA770B2176EE2900AAB3D8 /* ZoomViewController.m */,
				07D989321F48DCE000C2FA12 /* SlidingOverlayViewController.h */,
				07D989331F48DCE000C2FA12 /* SlidingOverlayViewController.m */,
				07D989361F48E06500C2FA12 /* SlidingOverlayViewController.xib */,
				07D989151F48DA2500C2FA12 /* Supporting Files */,
			);
			path = "Demo-iOS";
			sourceTree = "<group>";
		};
		07D989151F48DA2500C2FA12 /* Supporting Files */ = {
			isa = PBXGroup;
			children = (
				07D989211F48DA2500C2FA12 /* Assets.xcassets */,
				07D989231F48DA2500C2FA12 /* LaunchScreen.storyboard */,
				07D989261F48DA2500C2FA12 /* Info.plist */,
				07D989161F48DA2500C2FA12 /* main.m */,
			);
			name = "Supporting Files";
			sourceTree = "<group>";
		};
/* End PBXGroup section */

/* Begin PBXHeadersBuildPhase section */
		079CA9871F48D254009E4690 /* Headers */ = {
			isa = PBXHeadersBuildPhase;
			buildActionMask = 2147483647;
			files = (
				07CEA8E12176CEDA00945962 /* UIViewController+KSOAnimationExtensions.h in Headers */,
				07B503B61F8E9E3400EEDA0F /* NSBundle+KSOAnimationPrivateExtensions.h in Headers */,
				07AA77042176E00500AAB3D8 /* KSOPinchInteractionController.h in Headers */,
				07AA77002176DC9F00AAB3D8 /* KSOVerticalSwipeInteractionController.h in Headers */,
				07CEA8E52176CF5600945962 /* KSOAnimationInteractionController.h in Headers */,
				079CA99E1F48D3FB009E4690 /* KSOSlidingAnimationController.h in Headers */,
				07AA77162177281800AAB3D8 /* KSOAnimationDefines.h in Headers */,
				07B1468F2176C57D00EE41C8 /* KSOHorizontalSwipeInteractionController.h in Headers */,
				07CEA8E92176D12200945962 /* KSOAnimationInteractionController+KSOAnimationSubclassExtensions.h in Headers */,
				079CA99C1F48D3FB009E4690 /* KSODimmingOverlayPresentationController.h in Headers */,
				07AA77082176ED6400AAB3D8 /* KSOZoomAnimationController.h in Headers */,
				079CA98F1F48D254009E4690 /* KSOAnimation.h in Headers */,
				07AA771421771C0400AAB3D8 /* KSOPushAnimationController.h in Headers */,
			);
			runOnlyForDeploymentPostprocessing = 0;
		};
/* End PBXHeadersBuildPhase section */

/* Begin PBXNativeTarget section */
		079CA9891F48D254009E4690 /* KSOAnimation-iOS */ = {
			isa = PBXNativeTarget;
			buildConfigurationList = 079CA9921F48D254009E4690 /* Build configuration list for PBXNativeTarget "KSOAnimation-iOS" */;
			buildPhases = (
				07B503B81F8E9F2A00EEDA0F /* genstrings */,
				079CA9851F48D254009E4690 /* Sources */,
				079CA9861F48D254009E4690 /* Frameworks */,
				079CA9871F48D254009E4690 /* Headers */,
				079CA9881F48D254009E4690 /* Resources */,
				070521EC1FE1D15E0031443B /* increment build number */,
			);
			buildRules = (
			);
			dependencies = (
			);
			name = "KSOAnimation-iOS";
			productName = KSOAnimation;
			productReference = 079CA98A1F48D254009E4690 /* KSOAnimation.framework */;
			productType = "com.apple.product-type.framework";
		};
		07D989121F48DA2500C2FA12 /* Demo-iOS */ = {
			isa = PBXNativeTarget;
			buildConfigurationList = 07D989291F48DA2500C2FA12 /* Build configuration list for PBXNativeTarget "Demo-iOS" */;
			buildPhases = (
				07D9890F1F48DA2500C2FA12 /* Sources */,
				07D989101F48DA2500C2FA12 /* Frameworks */,
				07D989111F48DA2500C2FA12 /* Resources */,
				07D9892D1F48DA6300C2FA12 /* Embed Frameworks */,
			);
			buildRules = (
			);
			dependencies = (
				07D989311F48DA6600C2FA12 /* PBXTargetDependency */,
			);
			name = "Demo-iOS";
			productName = "Demo-iOS";
			productReference = 07D989131F48DA2500C2FA12 /* Demo-iOS.app */;
			productType = "com.apple.product-type.application";
		};
/* End PBXNativeTarget section */

/* Begin PBXProject section */
		079CA9811F48D254009E4690 /* Project object */ = {
			isa = PBXProject;
			attributes = {
				LastUpgradeCheck = 0830;
				ORGANIZATIONNAME = "Kosoku Interactive, LLC.";
				TargetAttributes = {
					079CA9891F48D254009E4690 = {
						CreatedOnToolsVersion = 8.3.3;
						DevelopmentTeam = C6AZ27TEW2;
						ProvisioningStyle = Automatic;
					};
					07D989121F48DA2500C2FA12 = {
						CreatedOnToolsVersion = 8.3.3;
						DevelopmentTeam = C6AZ27TEW2;
						ProvisioningStyle = Automatic;
					};
				};
			};
			buildConfigurationList = 079CA9841F48D254009E4690 /* Build configuration list for PBXProject "KSOAnimation" */;
			compatibilityVersion = "Xcode 3.2";
			developmentRegion = English;
			hasScannedForEncodings = 0;
			knownRegions = (
				en,
				Base,
				ja,
				fa,
			);
			mainGroup = 079CA9801F48D254009E4690;
			productRefGroup = 079CA98B1F48D254009E4690 /* Products */;
			projectDirPath = "";
			projectRoot = "";
			targets = (
				079CA9891F48D254009E4690 /* KSOAnimation-iOS */,
				07D989121F48DA2500C2FA12 /* Demo-iOS */,
			);
		};
/* End PBXProject section */

/* Begin PBXResourcesBuildPhase section */
		079CA9881F48D254009E4690 /* Resources */ = {
			isa = PBXResourcesBuildPhase;
			buildActionMask = 2147483647;
			files = (
				07B503BB1F8EA07500EEDA0F /* Localizable.strings in Resources */,
			);
			runOnlyForDeploymentPostprocessing = 0;
		};
		07D989111F48DA2500C2FA12 /* Resources */ = {
			isa = PBXResourcesBuildPhase;
			buildActionMask = 2147483647;
			files = (
				07D989381F48E06500C2FA12 /* SlidingOverlayViewController.xib in Resources */,
				07D989251F48DA2500C2FA12 /* LaunchScreen.storyboard in Resources */,
				07D989221F48DA2500C2FA12 /* Assets.xcassets in Resources */,
			);
			runOnlyForDeploymentPostprocessing = 0;
		};
/* End PBXResourcesBuildPhase section */

/* Begin PBXShellScriptBuildPhase section */
		070521EC1FE1D15E0031443B /* increment build number */ = {
			isa = PBXShellScriptBuildPhase;
			buildActionMask = 2147483647;
			files = (
			);
			inputPaths = (
			);
			name = "increment build number";
			outputPaths = (
			);
			runOnlyForDeploymentPostprocessing = 0;
			shellPath = /bin/sh;
			shellScript = scripts/./increment_build_number.sh;
		};
		07B503B81F8E9F2A00EEDA0F /* genstrings */ = {
			isa = PBXShellScriptBuildPhase;
			buildActionMask = 2147483647;
			files = (
			);
			inputPaths = (
			);
			name = genstrings;
			outputPaths = (
			);
			runOnlyForDeploymentPostprocessing = 0;
			shellPath = /bin/sh;
			shellScript = scripts/./genstrings.sh;
		};
/* End PBXShellScriptBuildPhase section */

/* Begin PBXSourcesBuildPhase section */
		079CA9851F48D254009E4690 /* Sources */ = {
			isa = PBXSourcesBuildPhase;
			buildActionMask = 2147483647;
			files = (
				079CA99F1F48D3FB009E4690 /* KSOSlidingAnimationController.m in Sources */,
				07B503B71F8E9E3400EEDA0F /* NSBundle+KSOAnimationPrivateExtensions.m in Sources */,
				07AA77012176DC9F00AAB3D8 /* KSOVerticalSwipeInteractionController.m in Sources */,
				07AA77092176ED6400AAB3D8 /* KSOZoomAnimationController.m in Sources */,
				07CEA8E22176CEDA00945962 /* UIViewController+KSOAnimationExtensions.m in Sources */,
				079CA99D1F48D3FB009E4690 /* KSODimmingOverlayPresentationController.m in Sources */,
				07AA771321771C0100AAB3D8 /* KSOPushAnimationController.m in Sources */,
				07AA77052176E00500AAB3D8 /* KSOPinchInteractionController.m in Sources */,
				07B146902176C57D00EE41C8 /* KSOHorizontalSwipeInteractionController.m in Sources */,
				07CEA8E62176CF5600945962 /* KSOAnimationInteractionController.m in Sources */,
			);
			runOnlyForDeploymentPostprocessing = 0;
		};
		07D9890F1F48DA2500C2FA12 /* Sources */ = {
			isa = PBXSourcesBuildPhase;
			buildActionMask = 2147483647;
			files = (
				07D989341F48DCE000C2FA12 /* SlidingOverlayViewController.m in Sources */,
				07D9891D1F48DA2500C2FA12 /* ViewController.m in Sources */,
				07D9891A1F48DA2500C2FA12 /* AppDelegate.m in Sources */,
				07D989171F48DA2500C2FA12 /* main.m in Sources */,
				07AA771221771B1700AAB3D8 /* PushViewController.m in Sources */,
				07AA770C2176EE2900AAB3D8 /* ZoomViewController.m in Sources */,
			);
			runOnlyForDeploymentPostprocessing = 0;
		};
/* End PBXSourcesBuildPhase section */

/* Begin PBXTargetDependency section */
		07D989311F48DA6600C2FA12 /* PBXTargetDependency */ = {
			isa = PBXTargetDependency;
			target = 079CA9891F48D254009E4690 /* KSOAnimation-iOS */;
			targetProxy = 07D989301F48DA6600C2FA12 /* PBXContainerItemProxy */;
		};
/* End PBXTargetDependency section */

/* Begin PBXVariantGroup section */
		07B503B91F8EA07500EEDA0F /* Localizable.strings */ = {
			isa = PBXVariantGroup;
			children = (
				07B503BA1F8EA07500EEDA0F /* en */,
				07B503BC1F8EA08100EEDA0F /* ja */,
				07CE61FA1FE5D6F400393202 /* fa */,
			);
			name = Localizable.strings;
			sourceTree = "<group>";
		};
		07D989231F48DA2500C2FA12 /* LaunchScreen.storyboard */ = {
			isa = PBXVariantGroup;
			children = (
				07D989241F48DA2500C2FA12 /* Base */,
			);
			name = LaunchScreen.storyboard;
			sourceTree = "<group>";
		};
		07D989361F48E06500C2FA12 /* SlidingOverlayViewController.xib */ = {
			isa = PBXVariantGroup;
			children = (
				07D989371F48E06500C2FA12 /* Base */,
			);
			name = SlidingOverlayViewController.xib;
			sourceTree = "<group>";
		};
/* End PBXVariantGroup section */

/* Begin XCBuildConfiguration section */
		079CA9901F48D254009E4690 /* Debug */ = {
			isa = XCBuildConfiguration;
			buildSettings = {
				ALWAYS_SEARCH_USER_PATHS = NO;
				CLANG_ANALYZER_LOCALIZABILITY_NONLOCALIZED = YES;
				CLANG_ANALYZER_NONNULL = YES;
				CLANG_ANALYZER_NUMBER_OBJECT_CONVERSION = YES_AGGRESSIVE;
				CLANG_CXX_LANGUAGE_STANDARD = "gnu++0x";
				CLANG_CXX_LIBRARY = "libc++";
				CLANG_ENABLE_MODULES = YES;
				CLANG_ENABLE_OBJC_ARC = YES;
				CLANG_WARN_BOOL_CONVERSION = YES;
				CLANG_WARN_CONSTANT_CONVERSION = YES;
				CLANG_WARN_DIRECT_OBJC_ISA_USAGE = YES_ERROR;
				CLANG_WARN_DOCUMENTATION_COMMENTS = YES;
				CLANG_WARN_EMPTY_BODY = YES;
				CLANG_WARN_ENUM_CONVERSION = YES;
				CLANG_WARN_INFINITE_RECURSION = YES;
				CLANG_WARN_INT_CONVERSION = YES;
				CLANG_WARN_OBJC_ROOT_CLASS = YES_ERROR;
				CLANG_WARN_SUSPICIOUS_MOVE = YES;
				CLANG_WARN_UNREACHABLE_CODE = YES;
				CLANG_WARN__DUPLICATE_METHOD_MATCH = YES;
				"CODE_SIGN_IDENTITY[sdk=iphoneos*]" = "iPhone Developer";
				COPY_PHASE_STRIP = NO;
				CURRENT_PROJECT_VERSION = 1;
				DEBUG_INFORMATION_FORMAT = dwarf;
				ENABLE_STRICT_OBJC_MSGSEND = YES;
				ENABLE_TESTABILITY = YES;
				GCC_C_LANGUAGE_STANDARD = gnu99;
				GCC_DYNAMIC_NO_PIC = NO;
				GCC_NO_COMMON_BLOCKS = YES;
				GCC_OPTIMIZATION_LEVEL = 0;
				GCC_PREPROCESSOR_DEFINITIONS = (
					"DEBUG=1",
					"$(inherited)",
				);
				GCC_WARN_64_TO_32_BIT_CONVERSION = YES;
				GCC_WARN_ABOUT_RETURN_TYPE = YES_ERROR;
				GCC_WARN_UNDECLARED_SELECTOR = YES;
				GCC_WARN_UNINITIALIZED_AUTOS = YES_AGGRESSIVE;
				GCC_WARN_UNUSED_FUNCTION = YES;
				GCC_WARN_UNUSED_VARIABLE = YES;
				IPHONEOS_DEPLOYMENT_TARGET = 10.3;
				MTL_ENABLE_DEBUG_INFO = YES;
				ONLY_ACTIVE_ARCH = YES;
				SDKROOT = iphoneos;
				TARGETED_DEVICE_FAMILY = "1,2";
				VERSIONING_SYSTEM = "apple-generic";
				VERSION_INFO_PREFIX = "";
			};
			name = Debug;
		};
		079CA9911F48D254009E4690 /* Release */ = {
			isa = XCBuildConfiguration;
			buildSettings = {
				ALWAYS_SEARCH_USER_PATHS = NO;
				CLANG_ANALYZER_LOCALIZABILITY_NONLOCALIZED = YES;
				CLANG_ANALYZER_NONNULL = YES;
				CLANG_ANALYZER_NUMBER_OBJECT_CONVERSION = YES_AGGRESSIVE;
				CLANG_CXX_LANGUAGE_STANDARD = "gnu++0x";
				CLANG_CXX_LIBRARY = "libc++";
				CLANG_ENABLE_MODULES = YES;
				CLANG_ENABLE_OBJC_ARC = YES;
				CLANG_WARN_BOOL_CONVERSION = YES;
				CLANG_WARN_CONSTANT_CONVERSION = YES;
				CLANG_WARN_DIRECT_OBJC_ISA_USAGE = YES_ERROR;
				CLANG_WARN_DOCUMENTATION_COMMENTS = YES;
				CLANG_WARN_EMPTY_BODY = YES;
				CLANG_WARN_ENUM_CONVERSION = YES;
				CLANG_WARN_INFINITE_RECURSION = YES;
				CLANG_WARN_INT_CONVERSION = YES;
				CLANG_WARN_OBJC_ROOT_CLASS = YES_ERROR;
				CLANG_WARN_SUSPICIOUS_MOVE = YES;
				CLANG_WARN_UNREACHABLE_CODE = YES;
				CLANG_WARN__DUPLICATE_METHOD_MATCH = YES;
				"CODE_SIGN_IDENTITY[sdk=iphoneos*]" = "iPhone Developer";
				COPY_PHASE_STRIP = NO;
				CURRENT_PROJECT_VERSION = 1;
				DEBUG_INFORMATION_FORMAT = "dwarf-with-dsym";
				ENABLE_NS_ASSERTIONS = NO;
				ENABLE_STRICT_OBJC_MSGSEND = YES;
				GCC_C_LANGUAGE_STANDARD = gnu99;
				GCC_NO_COMMON_BLOCKS = YES;
				GCC_WARN_64_TO_32_BIT_CONVERSION = YES;
				GCC_WARN_ABOUT_RETURN_TYPE = YES_ERROR;
				GCC_WARN_UNDECLARED_SELECTOR = YES;
				GCC_WARN_UNINITIALIZED_AUTOS = YES_AGGRESSIVE;
				GCC_WARN_UNUSED_FUNCTION = YES;
				GCC_WARN_UNUSED_VARIABLE = YES;
				IPHONEOS_DEPLOYMENT_TARGET = 10.3;
				MTL_ENABLE_DEBUG_INFO = NO;
				SDKROOT = iphoneos;
				TARGETED_DEVICE_FAMILY = "1,2";
				VALIDATE_PRODUCT = YES;
				VERSIONING_SYSTEM = "apple-generic";
				VERSION_INFO_PREFIX = "";
			};
			name = Release;
		};
		079CA9931F48D254009E4690 /* Debug */ = {
			isa = XCBuildConfiguration;
			buildSettings = {
				CODE_SIGN_IDENTITY = "";
				DEFINES_MODULE = YES;
				DEVELOPMENT_TEAM = C6AZ27TEW2;
				DYLIB_COMPATIBILITY_VERSION = 1;
				DYLIB_CURRENT_VERSION = 1;
				DYLIB_INSTALL_NAME_BASE = "@rpath";
				FRAMEWORK_SEARCH_PATHS = (
					"$(inherited)",
					"$(PROJECT_DIR)/Vendor/Stanley/build/Debug-iphoneos",
				);
				INFOPLIST_FILE = "$(SRCROOT)/KSOAnimation/KSOAnimation-iOS-Info.plist";
				INFOPLIST_PREFIX_HEADER = "$(SRCROOT)/KSOAnimation/KSOAnimation-Info.h";
				INFOPLIST_PREPROCESS = YES;
				INSTALL_PATH = "$(LOCAL_LIBRARY_DIR)/Frameworks";
				IPHONEOS_DEPLOYMENT_TARGET = 9.0;
				LD_RUNPATH_SEARCH_PATHS = "$(inherited) @executable_path/Frameworks @loader_path/Frameworks";
				PRODUCT_BUNDLE_IDENTIFIER = com.kosoku.ksoanimation;
				PRODUCT_NAME = KSOAnimation;
				SKIP_INSTALL = YES;
			};
			name = Debug;
		};
		079CA9941F48D254009E4690 /* Release */ = {
			isa = XCBuildConfiguration;
			buildSettings = {
				CODE_SIGN_IDENTITY = "";
				DEFINES_MODULE = YES;
				DEVELOPMENT_TEAM = C6AZ27TEW2;
				DYLIB_COMPATIBILITY_VERSION = 1;
				DYLIB_CURRENT_VERSION = 1;
				DYLIB_INSTALL_NAME_BASE = "@rpath";
				FRAMEWORK_SEARCH_PATHS = (
					"$(inherited)",
					"$(PROJECT_DIR)/Vendor/Stanley/build/Debug-iphoneos",
				);
				INFOPLIST_FILE = "$(SRCROOT)/KSOAnimation/KSOAnimation-iOS-Info.plist";
				INFOPLIST_PREFIX_HEADER = "$(SRCROOT)/KSOAnimation/KSOAnimation-Info.h";
				INFOPLIST_PREPROCESS = YES;
				INSTALL_PATH = "$(LOCAL_LIBRARY_DIR)/Frameworks";
				IPHONEOS_DEPLOYMENT_TARGET = 9.0;
				LD_RUNPATH_SEARCH_PATHS = "$(inherited) @executable_path/Frameworks @loader_path/Frameworks";
				PRODUCT_BUNDLE_IDENTIFIER = com.kosoku.ksoanimation;
				PRODUCT_NAME = KSOAnimation;
				SKIP_INSTALL = NO;
			};
			name = Release;
		};
		07D989271F48DA2500C2FA12 /* Debug */ = {
			isa = XCBuildConfiguration;
			buildSettings = {
				ASSETCATALOG_COMPILER_APPICON_NAME = AppIcon;
				DEVELOPMENT_TEAM = C6AZ27TEW2;
				INFOPLIST_FILE = "Demo-iOS/Info.plist";
				LD_RUNPATH_SEARCH_PATHS = "$(inherited) @executable_path/Frameworks";
				PRODUCT_BUNDLE_IDENTIFIER = "com.kosoku.KSOAnimation.Demo-iOS";
				PRODUCT_NAME = "$(TARGET_NAME)";
			};
			name = Debug;
		};
		07D989281F48DA2500C2FA12 /* Release */ = {
			isa = XCBuildConfiguration;
			buildSettings = {
				ASSETCATALOG_COMPILER_APPICON_NAME = AppIcon;
				DEVELOPMENT_TEAM = C6AZ27TEW2;
				INFOPLIST_FILE = "Demo-iOS/Info.plist";
				LD_RUNPATH_SEARCH_PATHS = "$(inherited) @executable_path/Frameworks";
				PRODUCT_BUNDLE_IDENTIFIER = "com.kosoku.KSOAnimation.Demo-iOS";
				PRODUCT_NAME = "$(TARGET_NAME)";
			};
			name = Release;
		};
/* End XCBuildConfiguration section */

/* Begin XCConfigurationList section */
		079CA9841F48D254009E4690 /* Build configuration list for PBXProject "KSOAnimation" */ = {
			isa = XCConfigurationList;
			buildConfigurations = (
				079CA9901F48D254009E4690 /* Debug */,
				079CA9911F48D254009E4690 /* Release */,
			);
			defaultConfigurationIsVisible = 0;
			defaultConfigurationName = Release;
		};
		079CA9921F48D254009E4690 /* Build configuration list for PBXNativeTarget "KSOAnimation-iOS" */ = {
			isa = XCConfigurationList;
			buildConfigurations = (
				079CA9931F48D254009E4690 /* Debug */,
				079CA9941F48D254009E4690 /* Release */,
			);
			defaultConfigurationIsVisible = 0;
			defaultConfigurationName = Release;
		};
		07D989291F48DA2500C2FA12 /* Build configuration list for PBXNativeTarget "Demo-iOS" */ = {
			isa = XCConfigurationList;
			buildConfigurations = (
				07D989271F48DA2500C2FA12 /* Debug */,
				07D989281F48DA2500C2FA12 /* Release */,
			);
			defaultConfigurationIsVisible = 0;
			defaultConfigurationName = Release;
		};
/* End XCConfigurationList section */
	};
	rootObject = 079CA9811F48D254009E4690 /* Project object */;
}
